
Microsoft Visual Studio Solution File, Format Version 12.00
# Visual Studio Version 17
VisualStudioVersion = 17.9.34723.18
MinimumVisualStudioVersion = 10.0.40219.1
Project("{FAE04EC0-301F-11D3-BF4B-00C04F79EFBC}") = "Prog120_S24_Classes", "Prog120_S24_Classes.csproj", "{02806156-6728-41C9-A058-F9671A7ED267}"
EndProject
Global
	GlobalSection(SolutionConfigurationPlatforms) = preSolution
		Debug|Any CPU = Debug|Any CPU
		Release|Any CPU = Release|Any CPU
	EndGlobalSection
	GlobalSection(ProjectConfigurationPlatforms) = postSolution
		{02806156-6728-41C9-A058-F9671A7ED267}.Debug|Any CPU.ActiveCfg = Debug|Any CPU
		{02806156-6728-41C9-A058-F9671A7ED267}.Debug|Any CPU.Build.0 = Debug|Any CPU
		{02806156-6728-41C9-A058-F9671A7ED267}.Release|Any CPU.ActiveCfg = Release|Any CPU
		{02806156-6728-41C9-A058-F9671A7ED267}.Release|Any CPU.Build.0 = Release|Any CPU
	EndGlobalSection
	GlobalSection(SolutionProperties) = preSolution
		HideSolutionNode = FALSE
	EndGlobalSection
	GlobalSection(ExtensibilityGlobals) = postSolution
		SolutionGuid = {1227AF6A-75D9-433B-9A90-61DD0B366ECC}
	EndGlobalSection
EndGlobal
